// !$*UTF8*$!
{
	archiveVersion = 1;
	classes = {
	};
	objectVersion = 46;
	objects = {

/* Begin PBXBuildFile section */
		586B437A1850C56C00DC186C /* Foundation.framework in Frameworks */ = {isa = PBXBuildFile; fileRef = 586B43791850C56C00DC186C /* Foundation.framework */; };
		586B437C1850C56C00DC186C /* CoreGraphics.framework in Frameworks */ = {isa = PBXBuildFile; fileRef = 586B437B1850C56C00DC186C /* CoreGraphics.framework */; };
		586B437E1850C56C00DC186C /* UIKit.framework in Frameworks */ = {isa = PBXBuildFile; fileRef = 586B437D1850C56C00DC186C /* UIKit.framework */; };
		586B43841850C56C00DC186C /* InfoPlist.strings in Resources */ = {isa = PBXBuildFile; fileRef = 586B43821850C56C00DC186C /* InfoPlist.strings */; };
		586B43861850C56C00DC186C /* main.m in Sources */ = {isa = PBXBuildFile; fileRef = 586B43851850C56C00DC186C /* main.m */; };
		586B438A1850C56C00DC186C /* PCAppDelegate.m in Sources */ = {isa = PBXBuildFile; fileRef = 586B43891850C56C00DC186C /* PCAppDelegate.m */; };
		586B438D1850C56C00DC186C /* Main.storyboard in Resources */ = {isa = PBXBuildFile; fileRef = 586B438B1850C56C00DC186C /* Main.storyboard */; };
		586B43901850C56C00DC186C /* PCViewController.m in Sources */ = {isa = PBXBuildFile; fileRef = 586B438F1850C56C00DC186C /* PCViewController.m */; };
		586B43921850C56C00DC186C /* Images.xcassets in Resources */ = {isa = PBXBuildFile; fileRef = 586B43911850C56C00DC186C /* Images.xcassets */; };
		586B43991850C56C00DC186C /* XCTest.framework in Frameworks */ = {isa = PBXBuildFile; fileRef = 586B43981850C56C00DC186C /* XCTest.framework */; };
		586B439A1850C56C00DC186C /* Foundation.framework in Frameworks */ = {isa = PBXBuildFile; fileRef = 586B43791850C56C00DC186C /* Foundation.framework */; };
		586B439B1850C56C00DC186C /* UIKit.framework in Frameworks */ = {isa = PBXBuildFile; fileRef = 586B437D1850C56C00DC186C /* UIKit.framework */; };
		586B43A31850C56C00DC186C /* InfoPlist.strings in Resources */ = {isa = PBXBuildFile; fileRef = 586B43A11850C56C00DC186C /* InfoPlist.strings */; };
		586B43A51850C56C00DC186C /* Lab10aTests.m in Sources */ = {isa = PBXBuildFile; fileRef = 586B43A41850C56C00DC186C /* Lab10aTests.m */; };
		586B43AF1850C57F00DC186C /* MapKit.framework in Frameworks */ = {isa = PBXBuildFile; fileRef = 586B43AE1850C57F00DC186C /* MapKit.framework */; };
		586B43B21850CC7500DC186C /* PCImageViewController.m in Sources */ = {isa = PBXBuildFile; fileRef = 586B43B11850CC7500DC186C /* PCImageViewController.m */; };
/* End PBXBuildFile section */

/* Begin PBXContainerItemProxy section */
		586B439C1850C56C00DC186C /* PBXContainerItemProxy */ = {
			isa = PBXContainerItemProxy;
			containerPortal = 586B436E1850C56C00DC186C /* Project object */;
			proxyType = 1;
			remoteGlobalIDString = 586B43751850C56C00DC186C;
			remoteInfo = Lab10a;
		};
/* End PBXContainerItemProxy section */

/* Begin PBXFileReference section */
		586B43761850C56C00DC186C /* Lab10a.app */ = {isa = PBXFileReference; explicitFileType = wrapper.application; includeInIndex = 0; path = Lab10a.app; sourceTree = BUILT_PRODUCTS_DIR; };
		586B43791850C56C00DC186C /* Foundation.framework */ = {isa = PBXFileReference; lastKnownFileType = wrapper.framework; name = Foundation.framework; path = System/Library/Frameworks/Foundation.framework; sourceTree = SDKROOT; };
		586B437B1850C56C00DC186C /* CoreGraphics.framework */ = {isa = PBXFileReference; lastKnownFileType = wrapper.framework; name = CoreGraphics.framework; path = System/Library/Frameworks/CoreGraphics.framework; sourceTree = SDKROOT; };
		586B437D1850C56C00DC186C /* UIKit.framework */ = {isa = PBXFileReference; lastKnownFileType = wrapper.framework; name = UIKit.framework; path = System/Library/Frameworks/UIKit.framework; sourceTree = SDKROOT; };
		586B43811850C56C00DC186C /* Lab10a-Info.plist */ = {isa = PBXFileReference; lastKnownFileType = text.plist.xml; path = "Lab10a-Info.plist"; sourceTree = "<group>"; };
		586B43831850C56C00DC186C /* en */ = {isa = PBXFileReference; lastKnownFileType = text.plist.strings; name = en; path = en.lproj/InfoPlist.strings; sourceTree = "<group>"; };
		586B43851850C56C00DC186C /* main.m */ = {isa = PBXFileReference; lastKnownFileType = sourcecode.c.objc; path = main.m; sourceTree = "<group>"; };
		586B43871850C56C00DC186C /* Lab10a-Prefix.pch */ = {isa = PBXFileReference; lastKnownFileType = sourcecode.c.h; path = "Lab10a-Prefix.pch"; sourceTree = "<group>"; };
		586B43881850C56C00DC186C /* PCAppDelegate.h */ = {isa = PBXFileReference; lastKnownFileType = sourcecode.c.h; path = PCAppDelegate.h; sourceTree = "<group>"; };
		586B43891850C56C00DC186C /* PCAppDelegate.m */ = {isa = PBXFileReference; lastKnownFileType = sourcecode.c.objc; path = PCAppDelegate.m; sourceTree = "<group>"; };
		586B438C1850C56C00DC186C /* Base */ = {isa = PBXFileReference; lastKnownFileType = file.storyboard; name = Base; path = Base.lproj/Main.storyboard; sourceTree = "<group>"; };
		586B438E1850C56C00DC186C /* PCViewController.h */ = {isa = PBXFileReference; lastKnownFileType = sourcecode.c.h; path = PCViewController.h; sourceTree = "<group>"; };
		586B438F1850C56C00DC186C /* PCViewController.m */ = {isa = PBXFileReference; lastKnownFileType = sourcecode.c.objc; path = PCViewController.m; sourceTree = "<group>"; };
		586B43911850C56C00DC186C /* Images.xcassets */ = {isa = PBXFileReference; lastKnownFileType = folder.assetcatalog; path = Images.xcassets; sourceTree = "<group>"; };
		586B43971850C56C00DC186C /* Lab10aTests.xctest */ = {isa = PBXFileReference; explicitFileType = wrapper.cfbundle; includeInIndex = 0; path = Lab10aTests.xctest; sourceTree = BUILT_PRODUCTS_DIR; };
		586B43981850C56C00DC186C /* XCTest.framework */ = {isa = PBXFileReference; lastKnownFileType = wrapper.framework; name = XCTest.framework; path = Library/Frameworks/XCTest.framework; sourceTree = DEVELOPER_DIR; };
		586B43A01850C56C00DC186C /* Lab10aTests-Info.plist */ = {isa = PBXFileReference; lastKnownFileType = text.plist.xml; path = "Lab10aTests-Info.plist"; sourceTree = "<group>"; };
		586B43A21850C56C00DC186C /* en */ = {isa = PBXFileReference; lastKnownFileType = text.plist.strings; name = en; path = en.lproj/InfoPlist.strings; sourceTree = "<group>"; };
		586B43A41850C56C00DC186C /* Lab10aTests.m */ = {isa = PBXFileReference; lastKnownFileType = sourcecode.c.objc; path = Lab10aTests.m; sourceTree = "<group>"; };
		586B43AE1850C57F00DC186C /* MapKit.framework */ = {isa = PBXFileReference; lastKnownFileType = wrapper.framework; name = MapKit.framework; path = System/Library/Frameworks/MapKit.framework; sourceTree = SDKROOT; };
		586B43B01850CC7500DC186C /* PCImageViewController.h */ = {isa = PBXFileReference; fileEncoding = 4; lastKnownFileType = sourcecode.c.h; path = PCImageViewController.h; sourceTree = "<group>"; };
		586B43B11850CC7500DC186C /* PCImageViewController.m */ = {isa = PBXFileReference; fileEncoding = 4; lastKnownFileType = sourcecode.c.objc; path = PCImageViewController.m; sourceTree = "<group>"; };
/* End PBXFileReference section */

/* Begin PBXFrameworksBuildPhase section */
		586B43731850C56C00DC186C /* Frameworks */ = {
			isa = PBXFrameworksBuildPhase;
			buildActionMask = 2147483647;
			files = (
				586B43AF1850C57F00DC186C /* MapKit.framework in Frameworks */,
				586B437C1850C56C00DC186C /* CoreGraphics.framework in Frameworks */,
				586B437E1850C56C00DC186C /* UIKit.framework in Frameworks */,
				586B437A1850C56C00DC186C /* Foundation.framework in Frameworks */,
			);
			runOnlyForDeploymentPostprocessing = 0;
		};
		586B43941850C56C00DC186C /* Frameworks */ = {
			isa = PBXFrameworksBuildPhase;
			buildActionMask = 2147483647;
			files = (
				586B43991850C56C00DC186C /* XCTest.framework in Frameworks */,
				586B439B1850C56C00DC186C /* UIKit.framework in Frameworks */,
				586B439A1850C56C00DC186C /* Foundation.framework in Frameworks */,
			);
			runOnlyForDeploymentPostprocessing = 0;
		};
/* End PBXFrameworksBuildPhase section */

/* Begin PBXGroup section */
		586B436D1850C56C00DC186C = {
			isa = PBXGroup;
			children = (
				586B437F1850C56C00DC186C /* Lab10a */,
				586B439E1850C56C00DC186C /* Lab10aTests */,
				586B43781850C56C00DC186C /* Frameworks */,
				586B43771850C56C00DC186C /* Products */,
			);
			sourceTree = "<group>";
		};
		586B43771850C56C00DC186C /* Products */ = {
			isa = PBXGroup;
			children = (
				586B43761850C56C00DC186C /* Lab10a.app */,
				586B43971850C56C00DC186C /* Lab10aTests.xctest */,
			);
			name = Products;
			sourceTree = "<group>";
		};
		586B43781850C56C00DC186C /* Frameworks */ = {
			isa = PBXGroup;
			children = (
				586B43AE1850C57F00DC186C /* MapKit.framework */,
				586B43791850C56C00DC186C /* Foundation.framework */,
				586B437B1850C56C00DC186C /* CoreGraphics.framework */,
				586B437D1850C56C00DC186C /* UIKit.framework */,
				586B43981850C56C00DC186C /* XCTest.framework */,
			);
			name = Frameworks;
			sourceTree = "<group>";
		};
		586B437F1850C56C00DC186C /* Lab10a */ = {
			isa = PBXGroup;
			children = (
				586B43881850C56C00DC186C /* PCAppDelegate.h */,
				586B43891850C56C00DC186C /* PCAppDelegate.m */,
				586B438B1850C56C00DC186C /* Main.storyboard */,
				586B438E1850C56C00DC186C /* PCViewController.h */,
				586B438F1850C56C00DC186C /* PCViewController.m */,
				586B43911850C56C00DC186C /* Images.xcassets */,
				586B43801850C56C00DC186C /* Supporting Files */,
				586B43B01850CC7500DC186C /* PCImageViewController.h */,
				586B43B11850CC7500DC186C /* PCImageViewController.m */,
			);
			path = Lab10a;
			sourceTree = "<group>";
		};
		586B43801850C56C00DC186C /* Supporting Files */ = {
			isa = PBXGroup;
			children = (
				586B43811850C56C00DC186C /* Lab10a-Info.plist */,
				586B43821850C56C00DC186C /* InfoPlist.strings */,
				586B43851850C56C00DC186C /* main.m */,
				586B43871850C56C00DC186C /* Lab10a-Prefix.pch */,
			);
			name = "Supporting Files";
			sourceTree = "<group>";
		};
		586B439E1850C56C00DC186C /* Lab10aTests */ = {
			isa = PBXGroup;
			children = (
				586B43A41850C56C00DC186C /* Lab10aTests.m */,
				586B439F1850C56C00DC186C /* Supporting Files */,
			);
			path = Lab10aTests;
			sourceTree = "<group>";
		};
		586B439F1850C56C00DC186C /* Supporting Files */ = {
			isa = PBXGroup;
			children = (
				586B43A01850C56C00DC186C /* Lab10aTests-Info.plist */,
				586B43A11850C56C00DC186C /* InfoPlist.strings */,
			);
			name = "Supporting Files";
			sourceTree = "<group>";
		};
/* End PBXGroup section */

/* Begin PBXNativeTarget section */
		586B43751850C56C00DC186C /* Lab10a */ = {
			isa = PBXNativeTarget;
			buildConfigurationList = 586B43A81850C56C00DC186C /* Build configuration list for PBXNativeTarget "Lab10a" */;
			buildPhases = (
				586B43721850C56C00DC186C /* Sources */,
				586B43731850C56C00DC186C /* Frameworks */,
				586B43741850C56C00DC186C /* Resources */,
			);
			buildRules = (
			);
			dependencies = (
			);
			name = Lab10a;
			productName = Lab10a;
			productReference = 586B43761850C56C00DC186C /* Lab10a.app */;
			productType = "com.apple.product-type.application";
		};
		586B43961850C56C00DC186C /* Lab10aTests */ = {
			isa = PBXNativeTarget;
			buildConfigurationList = 586B43AB1850C56C00DC186C /* Build configuration list for PBXNativeTarget "Lab10aTests" */;
			buildPhases = (
				586B43931850C56C00DC186C /* Sources */,
				586B43941850C56C00DC186C /* Frameworks */,
				586B43951850C56C00DC186C /* Resources */,
			);
			buildRules = (
			);
			dependencies = (
				586B439D1850C56C00DC186C /* PBXTargetDependency */,
			);
			name = Lab10aTests;
			productName = Lab10aTests;
			productReference = 586B43971850C56C00DC186C /* Lab10aTests.xctest */;
			productType = "com.apple.product-type.bundle.unit-test";
		};
/* End PBXNativeTarget section */

/* Begin PBXProject section */
		586B436E1850C56C00DC186C /* Project object */ = {
			isa = PBXProject;
			attributes = {
				CLASSPREFIX = PC;
				LastUpgradeCheck = 0500;
				ORGANIZATIONNAME = "Bootstrapping iOS";
				TargetAttributes = {
					586B43961850C56C00DC186C = {
						TestTargetID = 586B43751850C56C00DC186C;
					};
				};
			};
			buildConfigurationList = 586B43711850C56C00DC186C /* Build configuration list for PBXProject "Lab10a" */;
			compatibilityVersion = "Xcode 3.2";
			developmentRegion = English;
			hasScannedForEncodings = 0;
			knownRegions = (
				en,
				Base,
			);
			mainGroup = 586B436D1850C56C00DC186C;
			productRefGroup = 586B43771850C56C00DC186C /* Products */;
			projectDirPath = "";
			projectRoot = "";
			targets = (
				586B43751850C56C00DC186C /* Lab10a */,
				586B43961850C56C00DC186C /* Lab10aTests */,
			);
		};
/* End PBXProject section */

/* Begin PBXResourcesBuildPhase section */
		586B43741850C56C00DC186C /* Resources */ = {
			isa = PBXResourcesBuildPhase;
			buildActionMask = 2147483647;
			files = (
				586B43921850C56C00DC186C /* Images.xcassets in Resources */,
				586B43841850C56C00DC186C /* InfoPlist.strings in Resources */,
				586B438D1850C56C00DC186C /* Main.storyboard in Resources */,
			);
			runOnlyForDeploymentPostprocessing = 0;
		};
		586B43951850C56C00DC186C /* Resources */ = {
			isa = PBXResourcesBuildPhase;
			buildActionMask = 2147483647;
			files = (
				586B43A31850C56C00DC186C /* InfoPlist.strings in Resources */,
			);
			runOnlyForDeploymentPostprocessing = 0;
		};
/* End PBXResourcesBuildPhase section */

/* Begin PBXSourcesBuildPhase section */
		586B43721850C56C00DC186C /* Sources */ = {
			isa = PBXSourcesBuildPhase;
			buildActionMask = 2147483647;
			files = (
				586B43861850C56C00DC186C /* main.m in Sources */,
				586B43901850C56C00DC186C /* PCViewController.m in Sources */,
				586B438A1850C56C00DC186C /* PCAppDelegate.m in Sources */,
				586B43B21850CC7500DC186C /* PCImageViewController.m in Sources */,
			);
			runOnlyForDeploymentPostprocessing = 0;
		};
		586B43931850C56C00DC186C /* Sources */ = {
			isa = PBXSourcesBuildPhase;
			buildActionMask = 2147483647;
			files = (
				586B43A51850C56C00DC186C /* Lab10aTests.m in Sources */,
			);
			runOnlyForDeploymentPostprocessing = 0;
		};
/* End PBXSourcesBuildPhase section */

/* Begin PBXTargetDependency section */
		586B439D1850C56C00DC186C /* PBXTargetDependency */ = {
			isa = PBXTargetDependency;
			target = 586B43751850C56C00DC186C /* Lab10a */;
			targetProxy = 586B439C1850C56C00DC186C /* PBXContainerItemProxy */;
		};
/* End PBXTargetDependency section */

/* Begin PBXVariantGroup section */
		586B43821850C56C00DC186C /* InfoPlist.strings */ = {
			isa = PBXVariantGroup;
			children = (
				586B43831850C56C00DC186C /* en */,
			);
			name = InfoPlist.strings;
			sourceTree = "<group>";
		};
		586B438B1850C56C00DC186C /* Main.storyboard */ = {
			isa = PBXVariantGroup;
			children = (
				586B438C1850C56C00DC186C /* Base */,
			);
			name = Main.storyboard;
			sourceTree = "<group>";
		};
		586B43A11850C56C00DC186C /* InfoPlist.strings */ = {
			isa = PBXVariantGroup;
			children = (
				586B43A21850C56C00DC186C /* en */,
			);
			name = InfoPlist.strings;
			sourceTree = "<group>";
		};
/* End PBXVariantGroup section */

/* Begin XCBuildConfiguration section */
		586B43A61850C56C00DC186C /* Debug */ = {
			isa = XCBuildConfiguration;
			buildSettings = {
				ALWAYS_SEARCH_USER_PATHS = NO;
				ARCHS = "$(ARCHS_STANDARD_INCLUDING_64_BIT)";
				CLANG_CXX_LANGUAGE_STANDARD = "gnu++0x";
				CLANG_CXX_LIBRARY = "libc++";
				CLANG_ENABLE_MODULES = YES;
				CLANG_ENABLE_OBJC_ARC = YES;
				CLANG_WARN_BOOL_CONVERSION = YES;
				CLANG_WARN_CONSTANT_CONVERSION = YES;
				CLANG_WARN_DIRECT_OBJC_ISA_USAGE = YES_ERROR;
				CLANG_WARN_EMPTY_BODY = YES;
				CLANG_WARN_ENUM_CONVERSION = YES;
				CLANG_WARN_INT_CONVERSION = YES;
				CLANG_WARN_OBJC_ROOT_CLASS = YES_ERROR;
				CLANG_WARN__DUPLICATE_METHOD_MATCH = YES;
				"CODE_SIGN_IDENTITY[sdk=iphoneos*]" = "iPhone Developer";
				COPY_PHASE_STRIP = NO;
				GCC_C_LANGUAGE_STANDARD = gnu99;
				GCC_DYNAMIC_NO_PIC = NO;
				GCC_OPTIMIZATION_LEVEL = 0;
				GCC_PREPROCESSOR_DEFINITIONS = (
					"DEBUG=1",
					"$(inherited)",
				);
				GCC_SYMBOLS_PRIVATE_EXTERN = NO;
				GCC_WARN_64_TO_32_BIT_CONVERSION = YES;
				GCC_WARN_ABOUT_RETURN_TYPE = YES_ERROR;
				GCC_WARN_UNDECLARED_SELECTOR = YES;
				GCC_WARN_UNINITIALIZED_AUTOS = YES;
				GCC_WARN_UNUSED_FUNCTION = YES;
				GCC_WARN_UNUSED_VARIABLE = YES;
				IPHONEOS_DEPLOYMENT_TARGET = 7.0;
				ONLY_ACTIVE_ARCH = YES;
				SDKROOT = iphoneos;
			};
			name = Debug;
		};
		586B43A71850C56C00DC186C /* Release */ = {
			isa = XCBuildConfiguration;
			buildSettings = {
				ALWAYS_SEARCH_USER_PATHS = NO;
				ARCHS = "$(ARCHS_STANDARD_INCLUDING_64_BIT)";
				CLANG_CXX_LANGUAGE_STANDARD = "gnu++0x";
				CLANG_CXX_LIBRARY = "libc++";
				CLANG_ENABLE_MODULES = YES;
				CLANG_ENABLE_OBJC_ARC = YES;
				CLANG_WARN_BOOL_CONVERSION = YES;
				CLANG_WARN_CONSTANT_CONVERSION = YES;
				CLANG_WARN_DIRECT_OBJC_ISA_USAGE = YES_ERROR;
				CLANG_WARN_EMPTY_BODY = YES;
				CLANG_WARN_ENUM_CONVERSION = YES;
				CLANG_WARN_INT_CONVERSION = YES;
				CLANG_WARN_OBJC_ROOT_CLASS = YES_ERROR;
				CLANG_WARN__DUPLICATE_METHOD_MATCH = YES;
				"CODE_SIGN_IDENTITY[sdk=iphoneos*]" = "iPhone Developer";
				COPY_PHASE_STRIP = YES;
				ENABLE_NS_ASSERTIONS = NO;
				GCC_C_LANGUAGE_STANDARD = gnu99;
				GCC_WARN_64_TO_32_BIT_CONVERSION = YES;
				GCC_WARN_ABOUT_RETURN_TYPE = YES_ERROR;
				GCC_WARN_UNDECLARED_SELECTOR = YES;
				GCC_WARN_UNINITIALIZED_AUTOS = YES;
				GCC_WARN_UNUSED_FUNCTION = YES;
				GCC_WARN_UNUSED_VARIABLE = YES;
				IPHONEOS_DEPLOYMENT_TARGET = 7.0;
				SDKROOT = iphoneos;
				VALIDATE_PRODUCT = YES;
			};
			name = Release;
		};
		586B43A91850C56C00DC186C /* Debug */ = {
			isa = XCBuildConfiguration;
			buildSettings = {
				ASSETCATALOG_COMPILER_APPICON_NAME = AppIcon;
				ASSETCATALOG_COMPILER_LAUNCHIMAGE_NAME = LaunchImage;
				GCC_PRECOMPILE_PREFIX_HEADER = YES;
				GCC_PREFIX_HEADER = "Lab10a/Lab10a-Prefix.pch";
				INFOPLIST_FILE = "Lab10a/Lab10a-Info.plist";
				PRODUCT_NAME = "$(TARGET_NAME)";
				WRAPPER_EXTENSION = app;
			};
			name = Debug;
		};
		586B43AA1850C56C00DC186C /* Release */ = {
			isa = XCBuildConfiguration;
			buildSettings = {
				ASSETCATALOG_COMPILER_APPICON_NAME = AppIcon;
				ASSETCATALOG_COMPILER_LAUNCHIMAGE_NAME = LaunchImage;
				GCC_PRECOMPILE_PREFIX_HEADER = YES;
				GCC_PREFIX_HEADER = "Lab10a/Lab10a-Prefix.pch";
				INFOPLIST_FILE = "Lab10a/Lab10a-Info.plist";
				PRODUCT_NAME = "$(TARGET_NAME)";
				WRAPPER_EXTENSION = app;
			};
			name = Release;
		};
		586B43AC1850C56C00DC186C /* Debug */ = {
			isa = XCBuildConfiguration;
			buildSettings = {
				ARCHS = "$(ARCHS_STANDARD_INCLUDING_64_BIT)";
				BUNDLE_LOADER = "$(BUILT_PRODUCTS_DIR)/Lab10a.app/Lab10a";
				FRAMEWORK_SEARCH_PATHS = (
					"$(SDKROOT)/Developer/Library/Frameworks",
					"$(inherited)",
					"$(DEVELOPER_FRAMEWORKS_DIR)",
				);
				GCC_PRECOMPILE_PREFIX_HEADER = YES;
				GCC_PREFIX_HEADER = "Lab10a/Lab10a-Prefix.pch";
				GCC_PREPROCESSOR_DEFINITIONS = (
					"DEBUG=1",
					"$(inherited)",
				);
				INFOPLIST_FILE = "Lab10aTests/Lab10aTests-Info.plist";
				PRODUCT_NAME = "$(TARGET_NAME)";
				TEST_HOST = "$(BUNDLE_LOADER)";
				WRAPPER_EXTENSION = xctest;
			};
			name = Debug;
		};
		586B43AD1850C56C00DC186C /* Release */ = {
			isa = XCBuildConfiguration;
			buildSettings = {
				ARCHS = "$(ARCHS_STANDARD_INCLUDING_64_BIT)";
				BUNDLE_LOADER = "$(BUILT_PRODUCTS_DIR)/Lab10a.app/Lab10a";
				FRAMEWORK_SEARCH_PATHS = (
					"$(SDKROOT)/Developer/Library/Frameworks",
					"$(inherited)",
					"$(DEVELOPER_FRAMEWORKS_DIR)",
				);
				GCC_PRECOMPILE_PREFIX_HEADER = YES;
				GCC_PREFIX_HEADER = "Lab10a/Lab10a-Prefix.pch";
				INFOPLIST_FILE = "Lab10aTests/Lab10aTests-Info.plist";
				PRODUCT_NAME = "$(TARGET_NAME)";
				TEST_HOST = "$(BUNDLE_LOADER)";
				WRAPPER_EXTENSION = xctest;
			};
			name = Release;
		};
/* End XCBuildConfiguration section */

/* Begin XCConfigurationList section */
		586B43711850C56C00DC186C /* Build configuration list for PBXProject "Lab10a" */ = {
			isa = XCConfigurationList;
			buildConfigurations = (
				586B43A61850C56C00DC186C /* Debug */,
				586B43A71850C56C00DC186C /* Release */,
			);
			defaultConfigurationIsVisible = 0;
			defaultConfigurationName = Release;
		};
		586B43A81850C56C00DC186C /* Build configuration list for PBXNativeTarget "Lab10a" */ = {
			isa = XCConfigurationList;
			buildConfigurations = (
				586B43A91850C56C00DC186C /* Debug */,
				586B43AA1850C56C00DC186C /* Release */,
			);
			defaultConfigurationIsVisible = 0;
		};
		586B43AB1850C56C00DC186C /* Build configuration list for PBXNativeTarget "Lab10aTests" */ = {
			isa = XCConfigurationList;
			buildConfigurations = (
				586B43AC1850C56C00DC186C /* Debug */,
				586B43AD1850C56C00DC186C /* Release */,
			);
			defaultConfigurationIsVisible = 0;
		};
/* End XCConfigurationList section */
	};
	rootObject = 586B436E1850C56C00DC186C /* Project object */;
}
