// !$*UTF8*$!
{
	archiveVersion = 1;
	classes = {
	};
	objectVersion = 46;
	objects = {

/* Begin PBXBuildFile section */
		5864898F185015B30011DD63 /* Foundation.framework in Frameworks */ = {isa = PBXBuildFile; fileRef = 5864898E185015B30011DD63 /* Foundation.framework */; };
		58648991185015B30011DD63 /* CoreGraphics.framework in Frameworks */ = {isa = PBXBuildFile; fileRef = 58648990185015B30011DD63 /* CoreGraphics.framework */; };
		58648993185015B40011DD63 /* UIKit.framework in Frameworks */ = {isa = PBXBuildFile; fileRef = 58648992185015B40011DD63 /* UIKit.framework */; };
		58648999185015B40011DD63 /* InfoPlist.strings in Resources */ = {isa = PBXBuildFile; fileRef = 58648997185015B40011DD63 /* InfoPlist.strings */; };
		5864899B185015B40011DD63 /* main.m in Sources */ = {isa = PBXBuildFile; fileRef = 5864899A185015B40011DD63 /* main.m */; };
		5864899F185015B40011DD63 /* PCAppDelegate.m in Sources */ = {isa = PBXBuildFile; fileRef = 5864899E185015B40011DD63 /* PCAppDelegate.m */; };
		586489A2185015B40011DD63 /* Main.storyboard in Resources */ = {isa = PBXBuildFile; fileRef = 586489A0185015B40011DD63 /* Main.storyboard */; };
		586489A5185015B40011DD63 /* PCViewController.m in Sources */ = {isa = PBXBuildFile; fileRef = 586489A4185015B40011DD63 /* PCViewController.m */; };
		586489A7185015B40011DD63 /* Images.xcassets in Resources */ = {isa = PBXBuildFile; fileRef = 586489A6185015B40011DD63 /* Images.xcassets */; };
		586489AE185015B40011DD63 /* XCTest.framework in Frameworks */ = {isa = PBXBuildFile; fileRef = 586489AD185015B40011DD63 /* XCTest.framework */; };
		586489AF185015B40011DD63 /* Foundation.framework in Frameworks */ = {isa = PBXBuildFile; fileRef = 5864898E185015B30011DD63 /* Foundation.framework */; };
		586489B0185015B40011DD63 /* UIKit.framework in Frameworks */ = {isa = PBXBuildFile; fileRef = 58648992185015B40011DD63 /* UIKit.framework */; };
		586489B8185015B40011DD63 /* InfoPlist.strings in Resources */ = {isa = PBXBuildFile; fileRef = 586489B6185015B40011DD63 /* InfoPlist.strings */; };
		586489BA185015B40011DD63 /* Lab11Tests.m in Sources */ = {isa = PBXBuildFile; fileRef = 586489B9185015B40011DD63 /* Lab11Tests.m */; };
		586489C5185015DE0011DD63 /* PCTableViewController.m in Sources */ = {isa = PBXBuildFile; fileRef = 586489C4185015DE0011DD63 /* PCTableViewController.m */; };
		586489C8185015F10011DD63 /* Lab11Model.xcdatamodeld in Sources */ = {isa = PBXBuildFile; fileRef = 586489C6185015F10011DD63 /* Lab11Model.xcdatamodeld */; };
		586489CB185017250011DD63 /* Person.m in Sources */ = {isa = PBXBuildFile; fileRef = 586489CA185017250011DD63 /* Person.m */; };
/* End PBXBuildFile section */

/* Begin PBXContainerItemProxy section */
		586489B1185015B40011DD63 /* PBXContainerItemProxy */ = {
			isa = PBXContainerItemProxy;
			containerPortal = 58648983185015B30011DD63 /* Project object */;
			proxyType = 1;
			remoteGlobalIDString = 5864898A185015B30011DD63;
			remoteInfo = Lab11;
		};
/* End PBXContainerItemProxy section */

/* Begin PBXFileReference section */
		5864898B185015B30011DD63 /* Lab11.app */ = {isa = PBXFileReference; explicitFileType = wrapper.application; includeInIndex = 0; path = Lab11.app; sourceTree = BUILT_PRODUCTS_DIR; };
		5864898E185015B30011DD63 /* Foundation.framework */ = {isa = PBXFileReference; lastKnownFileType = wrapper.framework; name = Foundation.framework; path = System/Library/Frameworks/Foundation.framework; sourceTree = SDKROOT; };
		58648990185015B30011DD63 /* CoreGraphics.framework */ = {isa = PBXFileReference; lastKnownFileType = wrapper.framework; name = CoreGraphics.framework; path = System/Library/Frameworks/CoreGraphics.framework; sourceTree = SDKROOT; };
		58648992185015B40011DD63 /* UIKit.framework */ = {isa = PBXFileReference; lastKnownFileType = wrapper.framework; name = UIKit.framework; path = System/Library/Frameworks/UIKit.framework; sourceTree = SDKROOT; };
		58648996185015B40011DD63 /* Lab11-Info.plist */ = {isa = PBXFileReference; lastKnownFileType = text.plist.xml; path = "Lab11-Info.plist"; sourceTree = "<group>"; };
		58648998185015B40011DD63 /* en */ = {isa = PBXFileReference; lastKnownFileType = text.plist.strings; name = en; path = en.lproj/InfoPlist.strings; sourceTree = "<group>"; };
		5864899A185015B40011DD63 /* main.m */ = {isa = PBXFileReference; lastKnownFileType = sourcecode.c.objc; path = main.m; sourceTree = "<group>"; };
		5864899C185015B40011DD63 /* Lab11-Prefix.pch */ = {isa = PBXFileReference; lastKnownFileType = sourcecode.c.h; path = "Lab11-Prefix.pch"; sourceTree = "<group>"; };
		5864899D185015B40011DD63 /* PCAppDelegate.h */ = {isa = PBXFileReference; lastKnownFileType = sourcecode.c.h; path = PCAppDelegate.h; sourceTree = "<group>"; };
		5864899E185015B40011DD63 /* PCAppDelegate.m */ = {isa = PBXFileReference; lastKnownFileType = sourcecode.c.objc; path = PCAppDelegate.m; sourceTree = "<group>"; };
		586489A1185015B40011DD63 /* Base */ = {isa = PBXFileReference; lastKnownFileType = file.storyboard; name = Base; path = Base.lproj/Main.storyboard; sourceTree = "<group>"; };
		586489A3185015B40011DD63 /* PCViewController.h */ = {isa = PBXFileReference; lastKnownFileType = sourcecode.c.h; path = PCViewController.h; sourceTree = "<group>"; };
		586489A4185015B40011DD63 /* PCViewController.m */ = {isa = PBXFileReference; lastKnownFileType = sourcecode.c.objc; path = PCViewController.m; sourceTree = "<group>"; };
		586489A6185015B40011DD63 /* Images.xcassets */ = {isa = PBXFileReference; lastKnownFileType = folder.assetcatalog; path = Images.xcassets; sourceTree = "<group>"; };
		586489AC185015B40011DD63 /* Lab11Tests.xctest */ = {isa = PBXFileReference; explicitFileType = wrapper.cfbundle; includeInIndex = 0; path = Lab11Tests.xctest; sourceTree = BUILT_PRODUCTS_DIR; };
		586489AD185015B40011DD63 /* XCTest.framework */ = {isa = PBXFileReference; lastKnownFileType = wrapper.framework; name = XCTest.framework; path = Library/Frameworks/XCTest.framework; sourceTree = DEVELOPER_DIR; };
		586489B5185015B40011DD63 /* Lab11Tests-Info.plist */ = {isa = PBXFileReference; lastKnownFileType = text.plist.xml; path = "Lab11Tests-Info.plist"; sourceTree = "<group>"; };
		586489B7185015B40011DD63 /* en */ = {isa = PBXFileReference; lastKnownFileType = text.plist.strings; name = en; path = en.lproj/InfoPlist.strings; sourceTree = "<group>"; };
		586489B9185015B40011DD63 /* Lab11Tests.m */ = {isa = PBXFileReference; lastKnownFileType = sourcecode.c.objc; path = Lab11Tests.m; sourceTree = "<group>"; };
		586489C3185015DE0011DD63 /* PCTableViewController.h */ = {isa = PBXFileReference; fileEncoding = 4; lastKnownFileType = sourcecode.c.h; path = PCTableViewController.h; sourceTree = "<group>"; };
		586489C4185015DE0011DD63 /* PCTableViewController.m */ = {isa = PBXFileReference; fileEncoding = 4; lastKnownFileType = sourcecode.c.objc; path = PCTableViewController.m; sourceTree = "<group>"; };
		586489C7185015F10011DD63 /* Lab11Model.xcdatamodel */ = {isa = PBXFileReference; lastKnownFileType = wrapper.xcdatamodel; path = Lab11Model.xcdatamodel; sourceTree = "<group>"; };
		586489C9185017250011DD63 /* Person.h */ = {isa = PBXFileReference; fileEncoding = 4; lastKnownFileType = sourcecode.c.h; path = Person.h; sourceTree = "<group>"; };
		586489CA185017250011DD63 /* Person.m */ = {isa = PBXFileReference; fileEncoding = 4; lastKnownFileType = sourcecode.c.objc; path = Person.m; sourceTree = "<group>"; };
		586489CC1850194B0011DD63 /* Lab11Model 2.xcdatamodel */ = {isa = PBXFileReference; lastKnownFileType = file; path = "Lab11Model 2.xcdatamodel"; sourceTree = "<group>"; };
/* End PBXFileReference section */

/* Begin PBXFrameworksBuildPhase section */
		58648988185015B30011DD63 /* Frameworks */ = {
			isa = PBXFrameworksBuildPhase;
			buildActionMask = 2147483647;
			files = (
				58648991185015B30011DD63 /* CoreGraphics.framework in Frameworks */,
				58648993185015B40011DD63 /* UIKit.framework in Frameworks */,
				5864898F185015B30011DD63 /* Foundation.framework in Frameworks */,
			);
			runOnlyForDeploymentPostprocessing = 0;
		};
		586489A9185015B40011DD63 /* Frameworks */ = {
			isa = PBXFrameworksBuildPhase;
			buildActionMask = 2147483647;
			files = (
				586489AE185015B40011DD63 /* XCTest.framework in Frameworks */,
				586489B0185015B40011DD63 /* UIKit.framework in Frameworks */,
				586489AF185015B40011DD63 /* Foundation.framework in Frameworks */,
			);
			runOnlyForDeploymentPostprocessing = 0;
		};
/* End PBXFrameworksBuildPhase section */

/* Begin PBXGroup section */
		58648982185015B30011DD63 = {
			isa = PBXGroup;
			children = (
				58648994185015B40011DD63 /* Lab11 */,
				586489B3185015B40011DD63 /* Lab11Tests */,
				5864898D185015B30011DD63 /* Frameworks */,
				5864898C185015B30011DD63 /* Products */,
			);
			sourceTree = "<group>";
		};
		5864898C185015B30011DD63 /* Products */ = {
			isa = PBXGroup;
			children = (
				5864898B185015B30011DD63 /* Lab11.app */,
				586489AC185015B40011DD63 /* Lab11Tests.xctest */,
			);
			name = Products;
			sourceTree = "<group>";
		};
		5864898D185015B30011DD63 /* Frameworks */ = {
			isa = PBXGroup;
			children = (
				5864898E185015B30011DD63 /* Foundation.framework */,
				58648990185015B30011DD63 /* CoreGraphics.framework */,
				58648992185015B40011DD63 /* UIKit.framework */,
				586489AD185015B40011DD63 /* XCTest.framework */,
			);
			name = Frameworks;
			sourceTree = "<group>";
		};
		58648994185015B40011DD63 /* Lab11 */ = {
			isa = PBXGroup;
			children = (
				5864899D185015B40011DD63 /* PCAppDelegate.h */,
				5864899E185015B40011DD63 /* PCAppDelegate.m */,
				586489A0185015B40011DD63 /* Main.storyboard */,
				586489A3185015B40011DD63 /* PCViewController.h */,
				586489A4185015B40011DD63 /* PCViewController.m */,
				586489A6185015B40011DD63 /* Images.xcassets */,
				58648995185015B40011DD63 /* Supporting Files */,
				586489C3185015DE0011DD63 /* PCTableViewController.h */,
				586489C4185015DE0011DD63 /* PCTableViewController.m */,
				586489C6185015F10011DD63 /* Lab11Model.xcdatamodeld */,
				586489C9185017250011DD63 /* Person.h */,
				586489CA185017250011DD63 /* Person.m */,
			);
			path = Lab11;
			sourceTree = "<group>";
		};
		58648995185015B40011DD63 /* Supporting Files */ = {
			isa = PBXGroup;
			children = (
				58648996185015B40011DD63 /* Lab11-Info.plist */,
				58648997185015B40011DD63 /* InfoPlist.strings */,
				5864899A185015B40011DD63 /* main.m */,
				5864899C185015B40011DD63 /* Lab11-Prefix.pch */,
			);
			name = "Supporting Files";
			sourceTree = "<group>";
		};
		586489B3185015B40011DD63 /* Lab11Tests */ = {
			isa = PBXGroup;
			children = (
				586489B9185015B40011DD63 /* Lab11Tests.m */,
				586489B4185015B40011DD63 /* Supporting Files */,
			);
			path = Lab11Tests;
			sourceTree = "<group>";
		};
		586489B4185015B40011DD63 /* Supporting Files */ = {
			isa = PBXGroup;
			children = (
				586489B5185015B40011DD63 /* Lab11Tests-Info.plist */,
				586489B6185015B40011DD63 /* InfoPlist.strings */,
			);
			name = "Supporting Files";
			sourceTree = "<group>";
		};
/* End PBXGroup section */

/* Begin PBXNativeTarget section */
		5864898A185015B30011DD63 /* Lab11 */ = {
			isa = PBXNativeTarget;
			buildConfigurationList = 586489BD185015B40011DD63 /* Build configuration list for PBXNativeTarget "Lab11" */;
			buildPhases = (
				58648987185015B30011DD63 /* Sources */,
				58648988185015B30011DD63 /* Frameworks */,
				58648989185015B30011DD63 /* Resources */,
			);
			buildRules = (
			);
			dependencies = (
			);
			name = Lab11;
			productName = Lab11;
			productReference = 5864898B185015B30011DD63 /* Lab11.app */;
			productType = "com.apple.product-type.application";
		};
		586489AB185015B40011DD63 /* Lab11Tests */ = {
			isa = PBXNativeTarget;
			buildConfigurationList = 586489C0185015B40011DD63 /* Build configuration list for PBXNativeTarget "Lab11Tests" */;
			buildPhases = (
				586489A8185015B40011DD63 /* Sources */,
				586489A9185015B40011DD63 /* Frameworks */,
				586489AA185015B40011DD63 /* Resources */,
			);
			buildRules = (
			);
			dependencies = (
				586489B2185015B40011DD63 /* PBXTargetDependency */,
			);
			name = Lab11Tests;
			productName = Lab11Tests;
			productReference = 586489AC185015B40011DD63 /* Lab11Tests.xctest */;
			productType = "com.apple.product-type.bundle.unit-test";
		};
/* End PBXNativeTarget section */

/* Begin PBXProject section */
		58648983185015B30011DD63 /* Project object */ = {
			isa = PBXProject;
			attributes = {
				CLASSPREFIX = PC;
				LastUpgradeCheck = 0500;
				ORGANIZATIONNAME = "Bootstrapping iOS";
				TargetAttributes = {
					586489AB185015B40011DD63 = {
						TestTargetID = 5864898A185015B30011DD63;
					};
				};
			};
			buildConfigurationList = 58648986185015B30011DD63 /* Build configuration list for PBXProject "Lab11" */;
			compatibilityVersion = "Xcode 3.2";
			developmentRegion = English;
			hasScannedForEncodings = 0;
			knownRegions = (
				en,
				Base,
			);
			mainGroup = 58648982185015B30011DD63;
			productRefGroup = 5864898C185015B30011DD63 /* Products */;
			projectDirPath = "";
			projectRoot = "";
			targets = (
				5864898A185015B30011DD63 /* Lab11 */,
				586489AB185015B40011DD63 /* Lab11Tests */,
			);
		};
/* End PBXProject section */

/* Begin PBXResourcesBuildPhase section */
		58648989185015B30011DD63 /* Resources */ = {
			isa = PBXResourcesBuildPhase;
			buildActionMask = 2147483647;
			files = (
				586489A7185015B40011DD63 /* Images.xcassets in Resources */,
				58648999185015B40011DD63 /* InfoPlist.strings in Resources */,
				586489A2185015B40011DD63 /* Main.storyboard in Resources */,
			);
			runOnlyForDeploymentPostprocessing = 0;
		};
		586489AA185015B40011DD63 /* Resources */ = {
			isa = PBXResourcesBuildPhase;
			buildActionMask = 2147483647;
			files = (
				586489B8185015B40011DD63 /* InfoPlist.strings in Resources */,
			);
			runOnlyForDeploymentPostprocessing = 0;
		};
/* End PBXResourcesBuildPhase section */

/* Begin PBXSourcesBuildPhase section */
		58648987185015B30011DD63 /* Sources */ = {
			isa = PBXSourcesBuildPhase;
			buildActionMask = 2147483647;
			files = (
				586489CB185017250011DD63 /* Person.m in Sources */,
				586489C8185015F10011DD63 /* Lab11Model.xcdatamodeld in Sources */,
				586489C5185015DE0011DD63 /* PCTableViewController.m in Sources */,
				5864899B185015B40011DD63 /* main.m in Sources */,
				586489A5185015B40011DD63 /* PCViewController.m in Sources */,
				5864899F185015B40011DD63 /* PCAppDelegate.m in Sources */,
			);
			runOnlyForDeploymentPostprocessing = 0;
		};
		586489A8185015B40011DD63 /* Sources */ = {
			isa = PBXSourcesBuildPhase;
			buildActionMask = 2147483647;
			files = (
				586489BA185015B40011DD63 /* Lab11Tests.m in Sources */,
			);
			runOnlyForDeploymentPostprocessing = 0;
		};
/* End PBXSourcesBuildPhase section */

/* Begin PBXTargetDependency section */
		586489B2185015B40011DD63 /* PBXTargetDependency */ = {
			isa = PBXTargetDependency;
			target = 5864898A185015B30011DD63 /* Lab11 */;
			targetProxy = 586489B1185015B40011DD63 /* PBXContainerItemProxy */;
		};
/* End PBXTargetDependency section */

/* Begin PBXVariantGroup section */
		58648997185015B40011DD63 /* InfoPlist.strings */ = {
			isa = PBXVariantGroup;
			children = (
				58648998185015B40011DD63 /* en */,
			);
			name = InfoPlist.strings;
			sourceTree = "<group>";
		};
		586489A0185015B40011DD63 /* Main.storyboard */ = {
			isa = PBXVariantGroup;
			children = (
				586489A1185015B40011DD63 /* Base */,
			);
			name = Main.storyboard;
			sourceTree = "<group>";
		};
		586489B6185015B40011DD63 /* InfoPlist.strings */ = {
			isa = PBXVariantGroup;
			children = (
				586489B7185015B40011DD63 /* en */,
			);
			name = InfoPlist.strings;
			sourceTree = "<group>";
		};
/* End PBXVariantGroup section */

/* Begin XCBuildConfiguration section */
		586489BB185015B40011DD63 /* Debug */ = {
			isa = XCBuildConfiguration;
			buildSettings = {
				ALWAYS_SEARCH_USER_PATHS = NO;
				ARCHS = "$(ARCHS_STANDARD_INCLUDING_64_BIT)";
				CLANG_CXX_LANGUAGE_STANDARD = "gnu++0x";
				CLANG_CXX_LIBRARY = "libc++";
				CLANG_ENABLE_MODULES = YES;
				CLANG_ENABLE_OBJC_ARC = YES;
				CLANG_WARN_BOOL_CONVERSION = YES;
				CLANG_WARN_CONSTANT_CONVERSION = YES;
				CLANG_WARN_DIRECT_OBJC_ISA_USAGE = YES_ERROR;
				CLANG_WARN_EMPTY_BODY = YES;
				CLANG_WARN_ENUM_CONVERSION = YES;
				CLANG_WARN_INT_CONVERSION = YES;
				CLANG_WARN_OBJC_ROOT_CLASS = YES_ERROR;
				CLANG_WARN__DUPLICATE_METHOD_MATCH = YES;
				"CODE_SIGN_IDENTITY[sdk=iphoneos*]" = "iPhone Developer";
				COPY_PHASE_STRIP = NO;
				GCC_C_LANGUAGE_STANDARD = gnu99;
				GCC_DYNAMIC_NO_PIC = NO;
				GCC_OPTIMIZATION_LEVEL = 0;
				GCC_PREPROCESSOR_DEFINITIONS = (
					"DEBUG=1",
					"$(inherited)",
				);
				GCC_SYMBOLS_PRIVATE_EXTERN = NO;
				GCC_WARN_64_TO_32_BIT_CONVERSION = YES;
				GCC_WARN_ABOUT_RETURN_TYPE = YES_ERROR;
				GCC_WARN_UNDECLARED_SELECTOR = YES;
				GCC_WARN_UNINITIALIZED_AUTOS = YES;
				GCC_WARN_UNUSED_FUNCTION = YES;
				GCC_WARN_UNUSED_VARIABLE = YES;
				IPHONEOS_DEPLOYMENT_TARGET = 7.0;
				ONLY_ACTIVE_ARCH = YES;
				SDKROOT = iphoneos;
			};
			name = Debug;
		};
		586489BC185015B40011DD63 /* Release */ = {
			isa = XCBuildConfiguration;
			buildSettings = {
				ALWAYS_SEARCH_USER_PATHS = NO;
				ARCHS = "$(ARCHS_STANDARD_INCLUDING_64_BIT)";
				CLANG_CXX_LANGUAGE_STANDARD = "gnu++0x";
				CLANG_CXX_LIBRARY = "libc++";
				CLANG_ENABLE_MODULES = YES;
				CLANG_ENABLE_OBJC_ARC = YES;
				CLANG_WARN_BOOL_CONVERSION = YES;
				CLANG_WARN_CONSTANT_CONVERSION = YES;
				CLANG_WARN_DIRECT_OBJC_ISA_USAGE = YES_ERROR;
				CLANG_WARN_EMPTY_BODY = YES;
				CLANG_WARN_ENUM_CONVERSION = YES;
				CLANG_WARN_INT_CONVERSION = YES;
				CLANG_WARN_OBJC_ROOT_CLASS = YES_ERROR;
				CLANG_WARN__DUPLICATE_METHOD_MATCH = YES;
				"CODE_SIGN_IDENTITY[sdk=iphoneos*]" = "iPhone Developer";
				COPY_PHASE_STRIP = YES;
				ENABLE_NS_ASSERTIONS = NO;
				GCC_C_LANGUAGE_STANDARD = gnu99;
				GCC_WARN_64_TO_32_BIT_CONVERSION = YES;
				GCC_WARN_ABOUT_RETURN_TYPE = YES_ERROR;
				GCC_WARN_UNDECLARED_SELECTOR = YES;
				GCC_WARN_UNINITIALIZED_AUTOS = YES;
				GCC_WARN_UNUSED_FUNCTION = YES;
				GCC_WARN_UNUSED_VARIABLE = YES;
				IPHONEOS_DEPLOYMENT_TARGET = 7.0;
				SDKROOT = iphoneos;
				VALIDATE_PRODUCT = YES;
			};
			name = Release;
		};
		586489BE185015B40011DD63 /* Debug */ = {
			isa = XCBuildConfiguration;
			buildSettings = {
				ASSETCATALOG_COMPILER_APPICON_NAME = AppIcon;
				ASSETCATALOG_COMPILER_LAUNCHIMAGE_NAME = LaunchImage;
				GCC_PRECOMPILE_PREFIX_HEADER = YES;
				GCC_PREFIX_HEADER = "Lab11/Lab11-Prefix.pch";
				INFOPLIST_FILE = "Lab11/Lab11-Info.plist";
				PRODUCT_NAME = "$(TARGET_NAME)";
				WRAPPER_EXTENSION = app;
			};
			name = Debug;
		};
		586489BF185015B40011DD63 /* Release */ = {
			isa = XCBuildConfiguration;
			buildSettings = {
				ASSETCATALOG_COMPILER_APPICON_NAME = AppIcon;
				ASSETCATALOG_COMPILER_LAUNCHIMAGE_NAME = LaunchImage;
				GCC_PRECOMPILE_PREFIX_HEADER = YES;
				GCC_PREFIX_HEADER = "Lab11/Lab11-Prefix.pch";
				INFOPLIST_FILE = "Lab11/Lab11-Info.plist";
				PRODUCT_NAME = "$(TARGET_NAME)";
				WRAPPER_EXTENSION = app;
			};
			name = Release;
		};
		586489C1185015B40011DD63 /* Debug */ = {
			isa = XCBuildConfiguration;
			buildSettings = {
				ARCHS = "$(ARCHS_STANDARD_INCLUDING_64_BIT)";
				BUNDLE_LOADER = "$(BUILT_PRODUCTS_DIR)/Lab11.app/Lab11";
				FRAMEWORK_SEARCH_PATHS = (
					"$(SDKROOT)/Developer/Library/Frameworks",
					"$(inherited)",
					"$(DEVELOPER_FRAMEWORKS_DIR)",
				);
				GCC_PRECOMPILE_PREFIX_HEADER = YES;
				GCC_PREFIX_HEADER = "Lab11/Lab11-Prefix.pch";
				GCC_PREPROCESSOR_DEFINITIONS = (
					"DEBUG=1",
					"$(inherited)",
				);
				INFOPLIST_FILE = "Lab11Tests/Lab11Tests-Info.plist";
				PRODUCT_NAME = "$(TARGET_NAME)";
				TEST_HOST = "$(BUNDLE_LOADER)";
				WRAPPER_EXTENSION = xctest;
			};
			name = Debug;
		};
		586489C2185015B40011DD63 /* Release */ = {
			isa = XCBuildConfiguration;
			buildSettings = {
				ARCHS = "$(ARCHS_STANDARD_INCLUDING_64_BIT)";
				BUNDLE_LOADER = "$(BUILT_PRODUCTS_DIR)/Lab11.app/Lab11";
				FRAMEWORK_SEARCH_PATHS = (
					"$(SDKROOT)/Developer/Library/Frameworks",
					"$(inherited)",
					"$(DEVELOPER_FRAMEWORKS_DIR)",
				);
				GCC_PRECOMPILE_PREFIX_HEADER = YES;
				GCC_PREFIX_HEADER = "Lab11/Lab11-Prefix.pch";
				INFOPLIST_FILE = "Lab11Tests/Lab11Tests-Info.plist";
				PRODUCT_NAME = "$(TARGET_NAME)";
				TEST_HOST = "$(BUNDLE_LOADER)";
				WRAPPER_EXTENSION = xctest;
			};
			name = Release;
		};
/* End XCBuildConfiguration section */

/* Begin XCConfigurationList section */
		58648986185015B30011DD63 /* Build configuration list for PBXProject "Lab11" */ = {
			isa = XCConfigurationList;
			buildConfigurations = (
				586489BB185015B40011DD63 /* Debug */,
				586489BC185015B40011DD63 /* Release */,
			);
			defaultConfigurationIsVisible = 0;
			defaultConfigurationName = Release;
		};
		586489BD185015B40011DD63 /* Build configuration list for PBXNativeTarget "Lab11" */ = {
			isa = XCConfigurationList;
			buildConfigurations = (
				586489BE185015B40011DD63 /* Debug */,
				586489BF185015B40011DD63 /* Release */,
			);
			defaultConfigurationIsVisible = 0;
		};
		586489C0185015B40011DD63 /* Build configuration list for PBXNativeTarget "Lab11Tests" */ = {
			isa = XCConfigurationList;
			buildConfigurations = (
				586489C1185015B40011DD63 /* Debug */,
				586489C2185015B40011DD63 /* Release */,
			);
			defaultConfigurationIsVisible = 0;
		};
/* End XCConfigurationList section */

/* Begin XCVersionGroup section */
		586489C6185015F10011DD63 /* Lab11Model.xcdatamodeld */ = {
			isa = XCVersionGroup;
			children = (
				586489CC1850194B0011DD63 /* Lab11Model 2.xcdatamodel */,
				586489C7185015F10011DD63 /* Lab11Model.xcdatamodel */,
			);
			currentVersion = 586489C7185015F10011DD63 /* Lab11Model.xcdatamodel */;
			path = Lab11Model.xcdatamodeld;
			sourceTree = "<group>";
			versionGroupType = wrapper.xcdatamodel;
		};
/* End XCVersionGroup section */
	};
	rootObject = 58648983185015B30011DD63 /* Project object */;
}
