// !$*UTF8*$!
{
	archiveVersion = 1;
	classes = {
	};
	objectVersion = 45;
	objects = {

/* Begin PBXBuildFile section */
		1D3623260D0F684500981E51 /* Lab2AppDelegate.m in Sources */ = {isa = PBXBuildFile; fileRef = 1D3623250D0F684500981E51 /* Lab2AppDelegate.m */; };
		1D60589B0D05DD56006BFB54 /* main.m in Sources */ = {isa = PBXBuildFile; fileRef = 29B97316FDCFA39411CA2CEA /* main.m */; };
		1D60589F0D05DD5A006BFB54 /* Foundation.framework in Frameworks */ = {isa = PBXBuildFile; fileRef = 1D30AB110D05D00D00671497 /* Foundation.framework */; };
		1DF5F4E00D08C38300B7A737 /* UIKit.framework in Frameworks */ = {isa = PBXBuildFile; fileRef = 1DF5F4DF0D08C38300B7A737 /* UIKit.framework */; };
		288765A50DF7441C002DB57D /* CoreGraphics.framework in Frameworks */ = {isa = PBXBuildFile; fileRef = 288765A40DF7441C002DB57D /* CoreGraphics.framework */; };
		2899E5220DE3E06400AC0155 /* Lab2ViewController.xib in Resources */ = {isa = PBXBuildFile; fileRef = 2899E5210DE3E06400AC0155 /* Lab2ViewController.xib */; };
		28AD733F0D9D9553002E5188 /* MainWindow.xib in Resources */ = {isa = PBXBuildFile; fileRef = 28AD733E0D9D9553002E5188 /* MainWindow.xib */; };
		28D7ACF80DDB3853001CB0EB /* Lab2ViewController.m in Sources */ = {isa = PBXBuildFile; fileRef = 28D7ACF70DDB3853001CB0EB /* Lab2ViewController.m */; };
		581B769911D10AA100C04541 /* SecondViewController.m in Sources */ = {isa = PBXBuildFile; fileRef = 581B769711D10AA100C04541 /* SecondViewController.m */; };
		581B769A11D10AA100C04541 /* SecondViewController.xib in Resources */ = {isa = PBXBuildFile; fileRef = 581B769811D10AA100C04541 /* SecondViewController.xib */; };
		581B76B411D12EA600C04541 /* ThirdViewController.m in Sources */ = {isa = PBXBuildFile; fileRef = 581B76B211D12EA600C04541 /* ThirdViewController.m */; };
		581B76B511D12EA600C04541 /* ThirdViewController.xib in Resources */ = {isa = PBXBuildFile; fileRef = 581B76B311D12EA600C04541 /* ThirdViewController.xib */; };
		581B76D511D12FE800C04541 /* duck.png in Resources */ = {isa = PBXBuildFile; fileRef = 581B76D411D12FE800C04541 /* duck.png */; };
		581B76EC11D1416500C04541 /* LabTableViewController.m in Sources */ = {isa = PBXBuildFile; fileRef = 581B76EA11D1416500C04541 /* LabTableViewController.m */; };
		581B76ED11D1416500C04541 /* LabTableViewController.xib in Resources */ = {isa = PBXBuildFile; fileRef = 581B76EB11D1416500C04541 /* LabTableViewController.xib */; };
		581B76F411D1474C00C04541 /* DetailTableViewController.m in Sources */ = {isa = PBXBuildFile; fileRef = 581B76F211D1474C00C04541 /* DetailTableViewController.m */; };
		581B76F511D1474C00C04541 /* DetailTableViewController.xib in Resources */ = {isa = PBXBuildFile; fileRef = 581B76F311D1474C00C04541 /* DetailTableViewController.xib */; };
/* End PBXBuildFile section */

/* Begin PBXFileReference section */
		1D30AB110D05D00D00671497 /* Foundation.framework */ = {isa = PBXFileReference; lastKnownFileType = wrapper.framework; name = Foundation.framework; path = System/Library/Frameworks/Foundation.framework; sourceTree = SDKROOT; };
		1D3623240D0F684500981E51 /* Lab2AppDelegate.h */ = {isa = PBXFileReference; fileEncoding = 4; lastKnownFileType = sourcecode.c.h; path = Lab2AppDelegate.h; sourceTree = "<group>"; };
		1D3623250D0F684500981E51 /* Lab2AppDelegate.m */ = {isa = PBXFileReference; fileEncoding = 4; lastKnownFileType = sourcecode.c.objc; path = Lab2AppDelegate.m; sourceTree = "<group>"; };
		1D6058910D05DD3D006BFB54 /* Lab2.app */ = {isa = PBXFileReference; explicitFileType = wrapper.application; includeInIndex = 0; path = Lab2.app; sourceTree = BUILT_PRODUCTS_DIR; };
		1DF5F4DF0D08C38300B7A737 /* UIKit.framework */ = {isa = PBXFileReference; lastKnownFileType = wrapper.framework; name = UIKit.framework; path = System/Library/Frameworks/UIKit.framework; sourceTree = SDKROOT; };
		288765A40DF7441C002DB57D /* CoreGraphics.framework */ = {isa = PBXFileReference; lastKnownFileType = wrapper.framework; name = CoreGraphics.framework; path = System/Library/Frameworks/CoreGraphics.framework; sourceTree = SDKROOT; };
		2899E5210DE3E06400AC0155 /* Lab2ViewController.xib */ = {isa = PBXFileReference; lastKnownFileType = file.xib; path = Lab2ViewController.xib; sourceTree = "<group>"; };
		28AD733E0D9D9553002E5188 /* MainWindow.xib */ = {isa = PBXFileReference; lastKnownFileType = file.xib; path = MainWindow.xib; sourceTree = "<group>"; };
		28D7ACF60DDB3853001CB0EB /* Lab2ViewController.h */ = {isa = PBXFileReference; fileEncoding = 4; lastKnownFileType = sourcecode.c.h; path = Lab2ViewController.h; sourceTree = "<group>"; };
		28D7ACF70DDB3853001CB0EB /* Lab2ViewController.m */ = {isa = PBXFileReference; fileEncoding = 4; lastKnownFileType = sourcecode.c.objc; path = Lab2ViewController.m; sourceTree = "<group>"; };
		29B97316FDCFA39411CA2CEA /* main.m */ = {isa = PBXFileReference; fileEncoding = 4; lastKnownFileType = sourcecode.c.objc; path = main.m; sourceTree = "<group>"; };
		32CA4F630368D1EE00C91783 /* Lab2_Prefix.pch */ = {isa = PBXFileReference; fileEncoding = 4; lastKnownFileType = sourcecode.c.h; path = Lab2_Prefix.pch; sourceTree = "<group>"; };
		581B769611D10AA100C04541 /* SecondViewController.h */ = {isa = PBXFileReference; fileEncoding = 4; lastKnownFileType = sourcecode.c.h; path = SecondViewController.h; sourceTree = "<group>"; };
		581B769711D10AA100C04541 /* SecondViewController.m */ = {isa = PBXFileReference; fileEncoding = 4; lastKnownFileType = sourcecode.c.objc; path = SecondViewController.m; sourceTree = "<group>"; };
		581B769811D10AA100C04541 /* SecondViewController.xib */ = {isa = PBXFileReference; lastKnownFileType = file.xib; name = SecondViewController.xib; path = Classes/SecondViewController.xib; sourceTree = "<group>"; };
		581B76B111D12EA600C04541 /* ThirdViewController.h */ = {isa = PBXFileReference; fileEncoding = 4; lastKnownFileType = sourcecode.c.h; path = ThirdViewController.h; sourceTree = "<group>"; };
		581B76B211D12EA600C04541 /* ThirdViewController.m */ = {isa = PBXFileReference; fileEncoding = 4; lastKnownFileType = sourcecode.c.objc; path = ThirdViewController.m; sourceTree = "<group>"; };
		581B76B311D12EA600C04541 /* ThirdViewController.xib */ = {isa = PBXFileReference; lastKnownFileType = file.xib; name = ThirdViewController.xib; path = Classes/ThirdViewController.xib; sourceTree = "<group>"; };
		581B76D411D12FE800C04541 /* duck.png */ = {isa = PBXFileReference; lastKnownFileType = image.png; path = duck.png; sourceTree = "<group>"; };
		581B76E911D1416500C04541 /* LabTableViewController.h */ = {isa = PBXFileReference; fileEncoding = 4; lastKnownFileType = sourcecode.c.h; path = LabTableViewController.h; sourceTree = "<group>"; };
		581B76EA11D1416500C04541 /* LabTableViewController.m */ = {isa = PBXFileReference; fileEncoding = 4; lastKnownFileType = sourcecode.c.objc; path = LabTableViewController.m; sourceTree = "<group>"; };
		581B76EB11D1416500C04541 /* LabTableViewController.xib */ = {isa = PBXFileReference; lastKnownFileType = file.xib; name = LabTableViewController.xib; path = Classes/LabTableViewController.xib; sourceTree = "<group>"; };
		581B76F111D1474C00C04541 /* DetailTableViewController.h */ = {isa = PBXFileReference; fileEncoding = 4; lastKnownFileType = sourcecode.c.h; name = DetailTableViewController.h; path = ../DetailTableViewController.h; sourceTree = "<group>"; };
		581B76F211D1474C00C04541 /* DetailTableViewController.m */ = {isa = PBXFileReference; fileEncoding = 4; lastKnownFileType = sourcecode.c.objc; name = DetailTableViewController.m; path = ../DetailTableViewController.m; sourceTree = "<group>"; };
		581B76F311D1474C00C04541 /* DetailTableViewController.xib */ = {isa = PBXFileReference; lastKnownFileType = file.xib; path = DetailTableViewController.xib; sourceTree = "<group>"; };
		8D1107310486CEB800E47090 /* Lab2-Info.plist */ = {isa = PBXFileReference; fileEncoding = 4; lastKnownFileType = text.plist.xml; path = "Lab2-Info.plist"; plistStructureDefinitionIdentifier = "com.apple.xcode.plist.structure-definition.iphone.info-plist"; sourceTree = "<group>"; };
/* End PBXFileReference section */

/* Begin PBXFrameworksBuildPhase section */
		1D60588F0D05DD3D006BFB54 /* Frameworks */ = {
			isa = PBXFrameworksBuildPhase;
			buildActionMask = 2147483647;
			files = (
				1D60589F0D05DD5A006BFB54 /* Foundation.framework in Frameworks */,
				1DF5F4E00D08C38300B7A737 /* UIKit.framework in Frameworks */,
				288765A50DF7441C002DB57D /* CoreGraphics.framework in Frameworks */,
			);
			runOnlyForDeploymentPostprocessing = 0;
		};
/* End PBXFrameworksBuildPhase section */

/* Begin PBXGroup section */
		080E96DDFE201D6D7F000001 /* Classes */ = {
			isa = PBXGroup;
			children = (
				1D3623240D0F684500981E51 /* Lab2AppDelegate.h */,
				1D3623250D0F684500981E51 /* Lab2AppDelegate.m */,
				28D7ACF60DDB3853001CB0EB /* Lab2ViewController.h */,
				28D7ACF70DDB3853001CB0EB /* Lab2ViewController.m */,
				581B769611D10AA100C04541 /* SecondViewController.h */,
				581B769711D10AA100C04541 /* SecondViewController.m */,
				581B76B111D12EA600C04541 /* ThirdViewController.h */,
				581B76F111D1474C00C04541 /* DetailTableViewController.h */,
				581B76F211D1474C00C04541 /* DetailTableViewController.m */,
				581B76B211D12EA600C04541 /* ThirdViewController.m */,
				581B76E911D1416500C04541 /* LabTableViewController.h */,
				581B76EA11D1416500C04541 /* LabTableViewController.m */,
			);
			path = Classes;
			sourceTree = "<group>";
		};
		19C28FACFE9D520D11CA2CBB /* Products */ = {
			isa = PBXGroup;
			children = (
				1D6058910D05DD3D006BFB54 /* Lab2.app */,
			);
			name = Products;
			sourceTree = "<group>";
		};
		29B97314FDCFA39411CA2CEA /* CustomTemplate */ = {
			isa = PBXGroup;
			children = (
				581B76D411D12FE800C04541 /* duck.png */,
				080E96DDFE201D6D7F000001 /* Classes */,
				29B97315FDCFA39411CA2CEA /* Other Sources */,
				29B97317FDCFA39411CA2CEA /* Resources */,
				29B97323FDCFA39411CA2CEA /* Frameworks */,
				19C28FACFE9D520D11CA2CBB /* Products */,
			);
			name = CustomTemplate;
			sourceTree = "<group>";
		};
		29B97315FDCFA39411CA2CEA /* Other Sources */ = {
			isa = PBXGroup;
			children = (
				32CA4F630368D1EE00C91783 /* Lab2_Prefix.pch */,
				29B97316FDCFA39411CA2CEA /* main.m */,
			);
			name = "Other Sources";
			sourceTree = "<group>";
		};
		29B97317FDCFA39411CA2CEA /* Resources */ = {
			isa = PBXGroup;
			children = (
				581B76F311D1474C00C04541 /* DetailTableViewController.xib */,
				581B76EB11D1416500C04541 /* LabTableViewController.xib */,
				581B76B311D12EA600C04541 /* ThirdViewController.xib */,
				581B769811D10AA100C04541 /* SecondViewController.xib */,
				2899E5210DE3E06400AC0155 /* Lab2ViewController.xib */,
				28AD733E0D9D9553002E5188 /* MainWindow.xib */,
				8D1107310486CEB800E47090 /* Lab2-Info.plist */,
			);
			name = Resources;
			sourceTree = "<group>";
		};
		29B97323FDCFA39411CA2CEA /* Frameworks */ = {
			isa = PBXGroup;
			children = (
				1DF5F4DF0D08C38300B7A737 /* UIKit.framework */,
				1D30AB110D05D00D00671497 /* Foundation.framework */,
				288765A40DF7441C002DB57D /* CoreGraphics.framework */,
			);
			name = Frameworks;
			sourceTree = "<group>";
		};
/* End PBXGroup section */

/* Begin PBXNativeTarget section */
		1D6058900D05DD3D006BFB54 /* Lab2 */ = {
			isa = PBXNativeTarget;
			buildConfigurationList = 1D6058960D05DD3E006BFB54 /* Build configuration list for PBXNativeTarget "Lab2" */;
			buildPhases = (
				1D60588D0D05DD3D006BFB54 /* Resources */,
				1D60588E0D05DD3D006BFB54 /* Sources */,
				1D60588F0D05DD3D006BFB54 /* Frameworks */,
			);
			buildRules = (
			);
			dependencies = (
			);
			name = Lab2;
			productName = Lab2;
			productReference = 1D6058910D05DD3D006BFB54 /* Lab2.app */;
			productType = "com.apple.product-type.application";
		};
/* End PBXNativeTarget section */

/* Begin PBXProject section */
		29B97313FDCFA39411CA2CEA /* Project object */ = {
			isa = PBXProject;
			buildConfigurationList = C01FCF4E08A954540054247B /* Build configuration list for PBXProject "Lab2" */;
			compatibilityVersion = "Xcode 3.1";
			developmentRegion = English;
			hasScannedForEncodings = 1;
			knownRegions = (
				English,
				Japanese,
				French,
				German,
			);
			mainGroup = 29B97314FDCFA39411CA2CEA /* CustomTemplate */;
			projectDirPath = "";
			projectRoot = "";
			targets = (
				1D6058900D05DD3D006BFB54 /* Lab2 */,
			);
		};
/* End PBXProject section */

/* Begin PBXResourcesBuildPhase section */
		1D60588D0D05DD3D006BFB54 /* Resources */ = {
			isa = PBXResourcesBuildPhase;
			buildActionMask = 2147483647;
			files = (
				28AD733F0D9D9553002E5188 /* MainWindow.xib in Resources */,
				2899E5220DE3E06400AC0155 /* Lab2ViewController.xib in Resources */,
				581B769A11D10AA100C04541 /* SecondViewController.xib in Resources */,
				581B76B511D12EA600C04541 /* ThirdViewController.xib in Resources */,
				581B76D511D12FE800C04541 /* duck.png in Resources */,
				581B76ED11D1416500C04541 /* LabTableViewController.xib in Resources */,
				581B76F511D1474C00C04541 /* DetailTableViewController.xib in Resources */,
			);
			runOnlyForDeploymentPostprocessing = 0;
		};
/* End PBXResourcesBuildPhase section */

/* Begin PBXSourcesBuildPhase section */
		1D60588E0D05DD3D006BFB54 /* Sources */ = {
			isa = PBXSourcesBuildPhase;
			buildActionMask = 2147483647;
			files = (
				1D60589B0D05DD56006BFB54 /* main.m in Sources */,
				1D3623260D0F684500981E51 /* Lab2AppDelegate.m in Sources */,
				28D7ACF80DDB3853001CB0EB /* Lab2ViewController.m in Sources */,
				581B769911D10AA100C04541 /* SecondViewController.m in Sources */,
				581B76B411D12EA600C04541 /* ThirdViewController.m in Sources */,
				581B76EC11D1416500C04541 /* LabTableViewController.m in Sources */,
				581B76F411D1474C00C04541 /* DetailTableViewController.m in Sources */,
			);
			runOnlyForDeploymentPostprocessing = 0;
		};
/* End PBXSourcesBuildPhase section */

/* Begin XCBuildConfiguration section */
		1D6058940D05DD3E006BFB54 /* Debug */ = {
			isa = XCBuildConfiguration;
			buildSettings = {
				ALWAYS_SEARCH_USER_PATHS = NO;
				COPY_PHASE_STRIP = NO;
				GCC_DYNAMIC_NO_PIC = NO;
				GCC_OPTIMIZATION_LEVEL = 0;
				GCC_PRECOMPILE_PREFIX_HEADER = YES;
				GCC_PREFIX_HEADER = Lab2_Prefix.pch;
				INFOPLIST_FILE = "Lab2-Info.plist";
				PRODUCT_NAME = Lab2;
			};
			name = Debug;
		};
		1D6058950D05DD3E006BFB54 /* Release */ = {
			isa = XCBuildConfiguration;
			buildSettings = {
				ALWAYS_SEARCH_USER_PATHS = NO;
				COPY_PHASE_STRIP = YES;
				GCC_PRECOMPILE_PREFIX_HEADER = YES;
				GCC_PREFIX_HEADER = Lab2_Prefix.pch;
				INFOPLIST_FILE = "Lab2-Info.plist";
				PRODUCT_NAME = Lab2;
				VALIDATE_PRODUCT = YES;
			};
			name = Release;
		};
		C01FCF4F08A954540054247B /* Debug */ = {
			isa = XCBuildConfiguration;
			buildSettings = {
				ARCHS = "$(ARCHS_STANDARD_32_BIT)";
				"CODE_SIGN_IDENTITY[sdk=iphoneos*]" = "iPhone Developer";
				GCC_C_LANGUAGE_STANDARD = c99;
				GCC_WARN_ABOUT_RETURN_TYPE = YES;
				GCC_WARN_UNUSED_VARIABLE = YES;
				PREBINDING = NO;
				SDKROOT = iphoneos4.1;
			};
			name = Debug;
		};
		C01FCF5008A954540054247B /* Release */ = {
			isa = XCBuildConfiguration;
			buildSettings = {
				ARCHS = "$(ARCHS_STANDARD_32_BIT)";
				"CODE_SIGN_IDENTITY[sdk=iphoneos*]" = "iPhone Developer";
				GCC_C_LANGUAGE_STANDARD = c99;
				GCC_WARN_ABOUT_RETURN_TYPE = YES;
				GCC_WARN_UNUSED_VARIABLE = YES;
				OTHER_CFLAGS = "-DNS_BLOCK_ASSERTIONS=1";
				PREBINDING = NO;
				SDKROOT = iphoneos3.1.3;
			};
			name = Release;
		};
/* End XCBuildConfiguration section */

/* Begin XCConfigurationList section */
		1D6058960D05DD3E006BFB54 /* Build configuration list for PBXNativeTarget "Lab2" */ = {
			isa = XCConfigurationList;
			buildConfigurations = (
				1D6058940D05DD3E006BFB54 /* Debug */,
				1D6058950D05DD3E006BFB54 /* Release */,
			);
			defaultConfigurationIsVisible = 0;
			defaultConfigurationName = Release;
		};
		C01FCF4E08A954540054247B /* Build configuration list for PBXProject "Lab2" */ = {
			isa = XCConfigurationList;
			buildConfigurations = (
				C01FCF4F08A954540054247B /* Debug */,
				C01FCF5008A954540054247B /* Release */,
			);
			defaultConfigurationIsVisible = 0;
			defaultConfigurationName = Release;
		};
/* End XCConfigurationList section */
	};
	rootObject = 29B97313FDCFA39411CA2CEA /* Project object */;
}
